
Microsoft Visual Studio Solution File, Format Version 12.00
# Visual Studio Express 2013 for Web
VisualStudioVersion = 12.0.31101.0
MinimumVisualStudioVersion = 10.0.40219.1
Project("{FAE04EC0-301F-11D3-BF4B-00C04F79EFBC}") = "Nuclear.Core", "Nuclear.Core\Nuclear.Core.csproj", "{34D40FB8-390E-4C5E-9D97-4D0CF4750D91}"
EndProject
Project("{FAE04EC0-301F-11D3-BF4B-00C04F79EFBC}") = "Nuclear.EventStore", "Nuclear.EventStore\Nuclear.EventStore.csproj", "{AF696338-FD2C-412D-AE32-40F3BE52B839}"
EndProject
Project("{FAE04EC0-301F-11D3-BF4B-00C04F79EFBC}") = "Nuclear.EventSourcing.MySql", "Nuclear.EventSourcing.MySql\Nuclear.EventSourcing.MySql.csproj", "{B9519E3C-DCA0-4FA3-8A17-05A19A601AC8}"
EndProject
Project("{FAE04EC0-301F-11D3-BF4B-00C04F79EFBC}") = "Nuclear.Infrastructure", "Nuclear.Infrastructure\Nuclear.Infrastructure.csproj", "{141F1447-469A-447A-89EA-1142FFF93CD1}"
EndProject
Project("{FAE04EC0-301F-11D3-BF4B-00C04F79EFBC}") = "Nuclear.TestConsole", "Nuclear.TestConsole\Nuclear.TestConsole.csproj", "{51E7217C-06FB-43CA-A4B8-26E8E5165B43}"
EndProject
Global
	GlobalSection(SolutionConfigurationPlatforms) = preSolution
		Debug|Any CPU = Debug|Any CPU
		Release|Any CPU = Release|Any CPU
	EndGlobalSection
	GlobalSection(ProjectConfigurationPlatforms) = postSolution
		{34D40FB8-390E-4C5E-9D97-4D0CF4750D91}.Debug|Any CPU.ActiveCfg = Debug|Any CPU
		{34D40FB8-390E-4C5E-9D97-4D0CF4750D91}.Debug|Any CPU.Build.0 = Debug|Any CPU
		{34D40FB8-390E-4C5E-9D97-4D0CF4750D91}.Release|Any CPU.ActiveCfg = Release|Any CPU
		{34D40FB8-390E-4C5E-9D97-4D0CF4750D91}.Release|Any CPU.Build.0 = Release|Any CPU
		{AF696338-FD2C-412D-AE32-40F3BE52B839}.Debug|Any CPU.ActiveCfg = Debug|Any CPU
		{AF696338-FD2C-412D-AE32-40F3BE52B839}.Debug|Any CPU.Build.0 = Debug|Any CPU
		{AF696338-FD2C-412D-AE32-40F3BE52B839}.Release|Any CPU.ActiveCfg = Release|Any CPU
		{AF696338-FD2C-412D-AE32-40F3BE52B839}.Release|Any CPU.Build.0 = Release|Any CPU
		{B9519E3C-DCA0-4FA3-8A17-05A19A601AC8}.Debug|Any CPU.ActiveCfg = Debug|Any CPU
		{B9519E3C-DCA0-4FA3-8A17-05A19A601AC8}.Debug|Any CPU.Build.0 = Debug|Any CPU
		{B9519E3C-DCA0-4FA3-8A17-05A19A601AC8}.Release|Any CPU.ActiveCfg = Release|Any CPU
		{B9519E3C-DCA0-4FA3-8A17-05A19A601AC8}.Release|Any CPU.Build.0 = Release|Any CPU
		{141F1447-469A-447A-89EA-1142FFF93CD1}.Debug|Any CPU.ActiveCfg = Debug|Any CPU
		{141F1447-469A-447A-89EA-1142FFF93CD1}.Debug|Any CPU.Build.0 = Debug|Any CPU
		{141F1447-469A-447A-89EA-1142FFF93CD1}.Release|Any CPU.ActiveCfg = Release|Any CPU
		{141F1447-469A-447A-89EA-1142FFF93CD1}.Release|Any CPU.Build.0 = Release|Any CPU
		{51E7217C-06FB-43CA-A4B8-26E8E5165B43}.Debug|Any CPU.ActiveCfg = Debug|Any CPU
		{51E7217C-06FB-43CA-A4B8-26E8E5165B43}.Debug|Any CPU.Build.0 = Debug|Any CPU
		{51E7217C-06FB-43CA-A4B8-26E8E5165B43}.Release|Any CPU.ActiveCfg = Release|Any CPU
		{51E7217C-06FB-43CA-A4B8-26E8E5165B43}.Release|Any CPU.Build.0 = Release|Any CPU
	EndGlobalSection
	GlobalSection(SolutionProperties) = preSolution
		HideSolutionNode = FALSE
	EndGlobalSection
EndGlobal
